
Microsoft Visual Studio Solution File, Format Version 12.00
# Visual Studio Version 17
VisualStudioVersion = 17.4.33205.214
MinimumVisualStudioVersion = 10.0.40219.1
Project("{FAE04EC0-301F-11D3-BF4B-00C04F79EFBC}") = "upload", "upload.csproj", "{EDDAAD34-0205-4416-BE9A-55DECEE2392A}"
EndProject
Global
	GlobalSection(SolutionConfigurationPlatforms) = preSolution
		Debug|Any CPU = Debug|Any CPU
		Release|Any CPU = Release|Any CPU
	EndGlobalSection
	GlobalSection(ProjectConfigurationPlatforms) = postSolution
		{EDDAAD34-0205-4416-BE9A-55DECEE2392A}.Debug|Any CPU.ActiveCfg = Debug|Any CPU
		{EDDAAD34-0205-4416-BE9A-55DECEE2392A}.Debug|Any CPU.Build.0 = Debug|Any CPU
		{EDDAAD34-0205-4416-BE9A-55DECEE2392A}.Release|Any CPU.ActiveCfg = Release|Any CPU
		{EDDAAD34-0205-4416-BE9A-55DECEE2392A}.Release|Any CPU.Build.0 = Release|Any CPU
	EndGlobalSection
	GlobalSection(SolutionProperties) = preSolution
		HideSolutionNode = FALSE
	EndGlobalSection
	GlobalSection(ExtensibilityGlobals) = postSolution
		SolutionGuid = {245A0AAE-BF0D-4936-84CD-110025CDD41F}
	EndGlobalSection
EndGlobal
